
Microsoft Visual Studio Solution File, Format Version 12.00
# Visual Studio Version 17
VisualStudioVersion = 17.4.33213.308
MinimumVisualStudioVersion = 10.0.40219.1
Project("{FAE04EC0-301F-11D3-BF4B-00C04F79EFBC}") = "BankAccountProject.Presentation", "BankAccountProject.Presentation\BankAccountProject.Presentation.csproj", "{C5D545C0-8E91-4510-BBC8-F1DE67E65AE2}"
EndProject
Project("{FAE04EC0-301F-11D3-BF4B-00C04F79EFBC}") = "BankAccountProject.Dtos", "BankAccountProject.Dtos\BankAccountProject.Dtos.csproj", "{7C90BE88-713C-4282-BA99-06F844964B85}"
EndProject
Project("{FAE04EC0-301F-11D3-BF4B-00C04F79EFBC}") = "BankAccountProject.Entities", "BankAccountProject.Entities\BankAccountProject.Entities.csproj", "{545778F4-6E30-4ED5-9623-7B949E34EED9}"
EndProject
Project("{FAE04EC0-301F-11D3-BF4B-00C04F79EFBC}") = "BankAccountProject.DbConnection", "BankAccountProject.DbConnection\BankAccountProject.DbConnection.csproj", "{8D27FF2F-F632-4993-A065-05CD9A3987A0}"
EndProject
Project("{FAE04EC0-301F-11D3-BF4B-00C04F79EFBC}") = "BankAccountProject.Services", "BankAccountProject.Services\BankAccountProject.Services.csproj", "{099CA90A-CC64-4B54-B4D3-5980230A1808}"
EndProject
Global
	GlobalSection(SolutionConfigurationPlatforms) = preSolution
		Debug|Any CPU = Debug|Any CPU
		Release|Any CPU = Release|Any CPU
	EndGlobalSection
	GlobalSection(ProjectConfigurationPlatforms) = postSolution
		{C5D545C0-8E91-4510-BBC8-F1DE67E65AE2}.Debug|Any CPU.ActiveCfg = Debug|Any CPU
		{C5D545C0-8E91-4510-BBC8-F1DE67E65AE2}.Debug|Any CPU.Build.0 = Debug|Any CPU
		{C5D545C0-8E91-4510-BBC8-F1DE67E65AE2}.Release|Any CPU.ActiveCfg = Release|Any CPU
		{C5D545C0-8E91-4510-BBC8-F1DE67E65AE2}.Release|Any CPU.Build.0 = Release|Any CPU
		{7C90BE88-713C-4282-BA99-06F844964B85}.Debug|Any CPU.ActiveCfg = Debug|Any CPU
		{7C90BE88-713C-4282-BA99-06F844964B85}.Debug|Any CPU.Build.0 = Debug|Any CPU
		{7C90BE88-713C-4282-BA99-06F844964B85}.Release|Any CPU.ActiveCfg = Release|Any CPU
		{7C90BE88-713C-4282-BA99-06F844964B85}.Release|Any CPU.Build.0 = Release|Any CPU
		{545778F4-6E30-4ED5-9623-7B949E34EED9}.Debug|Any CPU.ActiveCfg = Debug|Any CPU
		{545778F4-6E30-4ED5-9623-7B949E34EED9}.Debug|Any CPU.Build.0 = Debug|Any CPU
		{545778F4-6E30-4ED5-9623-7B949E34EED9}.Release|Any CPU.ActiveCfg = Release|Any CPU
		{545778F4-6E30-4ED5-9623-7B949E34EED9}.Release|Any CPU.Build.0 = Release|Any CPU
		{8D27FF2F-F632-4993-A065-05CD9A3987A0}.Debug|Any CPU.ActiveCfg = Debug|Any CPU
		{8D27FF2F-F632-4993-A065-05CD9A3987A0}.Debug|Any CPU.Build.0 = Debug|Any CPU
		{8D27FF2F-F632-4993-A065-05CD9A3987A0}.Release|Any CPU.ActiveCfg = Release|Any CPU
		{8D27FF2F-F632-4993-A065-05CD9A3987A0}.Release|Any CPU.Build.0 = Release|Any CPU
		{099CA90A-CC64-4B54-B4D3-5980230A1808}.Debug|Any CPU.ActiveCfg = Debug|Any CPU
		{099CA90A-CC64-4B54-B4D3-5980230A1808}.Debug|Any CPU.Build.0 = Debug|Any CPU
		{099CA90A-CC64-4B54-B4D3-5980230A1808}.Release|Any CPU.ActiveCfg = Release|Any CPU
		{099CA90A-CC64-4B54-B4D3-5980230A1808}.Release|Any CPU.Build.0 = Release|Any CPU
	EndGlobalSection
	GlobalSection(SolutionProperties) = preSolution
		HideSolutionNode = FALSE
	EndGlobalSection
	GlobalSection(ExtensibilityGlobals) = postSolution
		SolutionGuid = {DA8D8B47-5372-46DC-A10D-77BDDC92D01C}
	EndGlobalSection
EndGlobal
